
Microsoft Visual Studio Solution File, Format Version 12.00
# Visual Studio Version 17
VisualStudioVersion = 17.7.34009.444
MinimumVisualStudioVersion = 10.0.40219.1
Project("{FAE04EC0-301F-11D3-BF4B-00C04F79EFBC}") = "ToDoListWebApp", "ToDoListWebApp\ToDoListWebApp.csproj", "{CF00FC83-8986-4C87-90BD-FD809227AE24}"
EndProject
Global
	GlobalSection(SolutionConfigurationPlatforms) = preSolution
		Debug|Any CPU = Debug|Any CPU
		Release|Any CPU = Release|Any CPU
	EndGlobalSection
	GlobalSection(ProjectConfigurationPlatforms) = postSolution
		{CF00FC83-8986-4C87-90BD-FD809227AE24}.Debug|Any CPU.ActiveCfg = Debug|Any CPU
		{CF00FC83-8986-4C87-90BD-FD809227AE24}.Debug|Any CPU.Build.0 = Debug|Any CPU
		{CF00FC83-8986-4C87-90BD-FD809227AE24}.Release|Any CPU.ActiveCfg = Release|Any CPU
		{CF00FC83-8986-4C87-90BD-FD809227AE24}.Release|Any CPU.Build.0 = Release|Any CPU
	EndGlobalSection
	GlobalSection(SolutionProperties) = preSolution
		HideSolutionNode = FALSE
	EndGlobalSection
	GlobalSection(ExtensibilityGlobals) = postSolution
		SolutionGuid = {F5A5E796-18F3-4F59-9EC2-07629B2E6696}
	EndGlobalSection
EndGlobal
